// !$*UTF8*$!
{
	archiveVersion = 1;
	classes = {
	};
	objectVersion = 50;
	objects = {

/* Begin PBXBuildFile section */
		26578EB8249A1F7E007A1D8D /* AppDelegate.swift in Sources */ = {isa = PBXBuildFile; fileRef = 26578EB7249A1F7E007A1D8D /* AppDelegate.swift */; };
		26578EBA249A1F7E007A1D8D /* SceneDelegate.swift in Sources */ = {isa = PBXBuildFile; fileRef = 26578EB9249A1F7E007A1D8D /* SceneDelegate.swift */; };
		26578EBF249A1F7E007A1D8D /* Main.storyboard in Resources */ = {isa = PBXBuildFile; fileRef = 26578EBD249A1F7E007A1D8D /* Main.storyboard */; };
		26578EC1249A1F80007A1D8D /* Assets.xcassets in Resources */ = {isa = PBXBuildFile; fileRef = 26578EC0249A1F80007A1D8D /* Assets.xcassets */; };
		26578EC4249A1F80007A1D8D /* LaunchScreen.storyboard in Resources */ = {isa = PBXBuildFile; fileRef = 26578EC2249A1F80007A1D8D /* LaunchScreen.storyboard */; };
		26578ED0249A2177007A1D8D /* LoginInfo.swift in Sources */ = {isa = PBXBuildFile; fileRef = 26578ECF249A2177007A1D8D /* LoginInfo.swift */; };
		26578ED2249A4A0A007A1D8D /* InfoViewController.swift in Sources */ = {isa = PBXBuildFile; fileRef = 26578ED1249A4A0A007A1D8D /* InfoViewController.swift */; };
		26578ED4249A548E007A1D8D /* LoginViewController.swift in Sources */ = {isa = PBXBuildFile; fileRef = 26578ED3249A548E007A1D8D /* LoginViewController.swift */; };
/* End PBXBuildFile section */

/* Begin PBXFileReference section */
		26578EB4249A1F7E007A1D8D /* LoginFlow.app */ = {isa = PBXFileReference; explicitFileType = wrapper.application; includeInIndex = 0; path = LoginFlow.app; sourceTree = BUILT_PRODUCTS_DIR; };
		26578EB7249A1F7E007A1D8D /* AppDelegate.swift */ = {isa = PBXFileReference; lastKnownFileType = sourcecode.swift; path = AppDelegate.swift; sourceTree = "<group>"; };
		26578EB9249A1F7E007A1D8D /* SceneDelegate.swift */ = {isa = PBXFileReference; lastKnownFileType = sourcecode.swift; path = SceneDelegate.swift; sourceTree = "<group>"; };
		26578EBE249A1F7E007A1D8D /* Base */ = {isa = PBXFileReference; lastKnownFileType = file.storyboard; name = Base; path = Base.lproj/Main.storyboard; sourceTree = "<group>"; };
		26578EC0249A1F80007A1D8D /* Assets.xcassets */ = {isa = PBXFileReference; lastKnownFileType = folder.assetcatalog; path = Assets.xcassets; sourceTree = "<group>"; };
		26578EC3249A1F80007A1D8D /* Base */ = {isa = PBXFileReference; lastKnownFileType = file.storyboard; name = Base; path = Base.lproj/LaunchScreen.storyboard; sourceTree = "<group>"; };
		26578EC5249A1F80007A1D8D /* Info.plist */ = {isa = PBXFileReference; lastKnownFileType = text.plist.xml; path = Info.plist; sourceTree = "<group>"; };
		26578ECF249A2177007A1D8D /* LoginInfo.swift */ = {isa = PBXFileReference; lastKnownFileType = sourcecode.swift; path = LoginInfo.swift; sourceTree = "<group>"; };
		26578ED1249A4A0A007A1D8D /* InfoViewController.swift */ = {isa = PBXFileReference; fileEncoding = 4; lastKnownFileType = sourcecode.swift; name = InfoViewController.swift; path = "../../../Downloads/yagom-inflearn_ios_basic_yagom-1ca00b4b0af3/projects/LoginFlow/LoginFlow/InfoViewController.swift"; sourceTree = "<group>"; };
		26578ED3249A548E007A1D8D /* LoginViewController.swift */ = {isa = PBXFileReference; fileEncoding = 4; lastKnownFileType = sourcecode.swift; name = LoginViewController.swift; path = "../../../Downloads/yagom-inflearn_ios_basic_yagom-1ca00b4b0af3/projects/LoginFlow/LoginFlow/LoginViewController.swift"; sourceTree = "<group>"; };
/* End PBXFileReference section */

/* Begin PBXFrameworksBuildPhase section */
		26578EB1249A1F7E007A1D8D /* Frameworks */ = {
			isa = PBXFrameworksBuildPhase;
			buildActionMask = 2147483647;
			files = (
			);
			runOnlyForDeploymentPostprocessing = 0;
		};
/* End PBXFrameworksBuildPhase section */

/* Begin PBXGroup section */
		26578EAB249A1F7E007A1D8D = {
			isa = PBXGroup;
			children = (
				26578EB6249A1F7E007A1D8D /* LoginFlow */,
				26578EB5249A1F7E007A1D8D /* Products */,
			);
			sourceTree = "<group>";
		};
		26578EB5249A1F7E007A1D8D /* Products */ = {
			isa = PBXGroup;
			children = (
				26578EB4249A1F7E007A1D8D /* LoginFlow.app */,
			);
			name = Products;
			sourceTree = "<group>";
		};
		26578EB6249A1F7E007A1D8D /* LoginFlow */ = {
			isa = PBXGroup;
			children = (
				26578EB7249A1F7E007A1D8D /* AppDelegate.swift */,
				26578EB9249A1F7E007A1D8D /* SceneDelegate.swift */,
				26578ED3249A548E007A1D8D /* LoginViewController.swift */,
				26578ED1249A4A0A007A1D8D /* InfoViewController.swift */,
				26578ECF249A2177007A1D8D /* LoginInfo.swift */,
				26578EBD249A1F7E007A1D8D /* Main.storyboard */,
				26578EC0249A1F80007A1D8D /* Assets.xcassets */,
				26578EC2249A1F80007A1D8D /* LaunchScreen.storyboard */,
				26578EC5249A1F80007A1D8D /* Info.plist */,
			);
			path = LoginFlow;
			sourceTree = "<group>";
		};
/* End PBXGroup section */

/* Begin PBXNativeTarget section */
		26578EB3249A1F7E007A1D8D /* LoginFlow */ = {
			isa = PBXNativeTarget;
			buildConfigurationList = 26578EC8249A1F80007A1D8D /* Build configuration list for PBXNativeTarget "LoginFlow" */;
			buildPhases = (
				26578EB0249A1F7E007A1D8D /* Sources */,
				26578EB1249A1F7E007A1D8D /* Frameworks */,
				26578EB2249A1F7E007A1D8D /* Resources */,
			);
			buildRules = (
			);
			dependencies = (
			);
			name = LoginFlow;
			productName = LoginFlow;
			productReference = 26578EB4249A1F7E007A1D8D /* LoginFlow.app */;
			productType = "com.apple.product-type.application";
		};
/* End PBXNativeTarget section */

/* Begin PBXProject section */
		26578EAC249A1F7E007A1D8D /* Project object */ = {
			isa = PBXProject;
			attributes = {
				LastSwiftUpdateCheck = 1150;
				LastUpgradeCheck = 1150;
				ORGANIZATIONNAME = HJ;
				TargetAttributes = {
					26578EB3249A1F7E007A1D8D = {
						CreatedOnToolsVersion = 11.5;
					};
				};
			};
			buildConfigurationList = 26578EAF249A1F7E007A1D8D /* Build configuration list for PBXProject "LoginFlow" */;
			compatibilityVersion = "Xcode 9.3";
			developmentRegion = en;
			hasScannedForEncodings = 0;
			knownRegions = (
				en,
				Base,
			);
			mainGroup = 26578EAB249A1F7E007A1D8D;
			productRefGroup = 26578EB5249A1F7E007A1D8D /* Products */;
			projectDirPath = "";
			projectRoot = "";
			targets = (
				26578EB3249A1F7E007A1D8D /* LoginFlow */,
			);
		};
/* End PBXProject section */

/* Begin PBXResourcesBuildPhase section */
		26578EB2249A1F7E007A1D8D /* Resources */ = {
			isa = PBXResourcesBuildPhase;
			buildActionMask = 2147483647;
			files = (
				26578EC4249A1F80007A1D8D /* LaunchScreen.storyboard in Resources */,
				26578EC1249A1F80007A1D8D /* Assets.xcassets in Resources */,
				26578EBF249A1F7E007A1D8D /* Main.storyboard in Resources */,
			);
			runOnlyForDeploymentPostprocessing = 0;
		};
/* End PBXResourcesBuildPhase section */

/* Begin PBXSourcesBuildPhase section */
		26578EB0249A1F7E007A1D8D /* Sources */ = {
			isa = PBXSourcesBuildPhase;
			buildActionMask = 2147483647;
			files = (
				26578ED4249A548E007A1D8D /* LoginViewController.swift in Sources */,
				26578EB8249A1F7E007A1D8D /* AppDelegate.swift in Sources */,
				26578EBA249A1F7E007A1D8D /* SceneDelegate.swift in Sources */,
				26578ED2249A4A0A007A1D8D /* InfoViewController.swift in Sources */,
				26578ED0249A2177007A1D8D /* LoginInfo.swift in Sources */,
			);
			runOnlyForDeploymentPostprocessing = 0;
		};
/* End PBXSourcesBuildPhase section */

/* Begin PBXVariantGroup section */
		26578EBD249A1F7E007A1D8D /* Main.storyboard */ = {
			isa = PBXVariantGroup;
			children = (
				26578EBE249A1F7E007A1D8D /* Base */,
			);
			name = Main.storyboard;
			sourceTree = "<group>";
		};
		26578EC2249A1F80007A1D8D /* LaunchScreen.storyboard */ = {
			isa = PBXVariantGroup;
			children = (
				26578EC3249A1F80007A1D8D /* Base */,
			);
			name = LaunchScreen.storyboard;
			sourceTree = "<group>";
		};
/* End PBXVariantGroup section */

/* Begin XCBuildConfiguration section */
		26578EC6249A1F80007A1D8D /* Debug */ = {
			isa = XCBuildConfiguration;
			buildSettings = {
				ALWAYS_SEARCH_USER_PATHS = NO;
				CLANG_ANALYZER_NONNULL = YES;
				CLANG_ANALYZER_NUMBER_OBJECT_CONVERSION = YES_AGGRESSIVE;
				CLANG_CXX_LANGUAGE_STANDARD = "gnu++14";
				CLANG_CXX_LIBRARY = "libc++";
				CLANG_ENABLE_MODULES = YES;
				CLANG_ENABLE_OBJC_ARC = YES;
				CLANG_ENABLE_OBJC_WEAK = YES;
				CLANG_WARN_BLOCK_CAPTURE_AUTORELEASING = YES;
				CLANG_WARN_BOOL_CONVERSION = YES;
				CLANG_WARN_COMMA = YES;
				CLANG_WARN_CONSTANT_CONVERSION = YES;
				CLANG_WARN_DEPRECATED_OBJC_IMPLEMENTATIONS = YES;
				CLANG_WARN_DIRECT_OBJC_ISA_USAGE = YES_ERROR;
				CLANG_WARN_DOCUMENTATION_COMMENTS = YES;
				CLANG_WARN_EMPTY_BODY = YES;
				CLANG_WARN_ENUM_CONVERSION = YES;
				CLANG_WARN_INFINITE_RECURSION = YES;
				CLANG_WARN_INT_CONVERSION = YES;
				CLANG_WARN_NON_LITERAL_NULL_CONVERSION = YES;
				CLANG_WARN_OBJC_IMPLICIT_RETAIN_SELF = YES;
				CLANG_WARN_OBJC_LITERAL_CONVERSION = YES;
				CLANG_WARN_OBJC_ROOT_CLASS = YES_ERROR;
				CLANG_WARN_RANGE_LOOP_ANALYSIS = YES;
				CLANG_WARN_STRICT_PROTOTYPES = YES;
				CLANG_WARN_SUSPICIOUS_MOVE = YES;
				CLANG_WARN_UNGUARDED_AVAILABILITY = YES_AGGRESSIVE;
				CLANG_WARN_UNREACHABLE_CODE = YES;
				CLANG_WARN__DUPLICATE_METHOD_MATCH = YES;
				COPY_PHASE_STRIP = NO;
				DEBUG_INFORMATION_FORMAT = dwarf;
				ENABLE_STRICT_OBJC_MSGSEND = YES;
				ENABLE_TESTABILITY = YES;
				GCC_C_LANGUAGE_STANDARD = gnu11;
				GCC_DYNAMIC_NO_PIC = NO;
				GCC_NO_COMMON_BLOCKS = YES;
				GCC_OPTIMIZATION_LEVEL = 0;
				GCC_PREPROCESSOR_DEFINITIONS = (
					"DEBUG=1",
					"$(inherited)",
				);
				GCC_WARN_64_TO_32_BIT_CONVERSION = YES;
				GCC_WARN_ABOUT_RETURN_TYPE = YES_ERROR;
				GCC_WARN_UNDECLARED_SELECTOR = YES;
				GCC_WARN_UNINITIALIZED_AUTOS = YES_AGGRESSIVE;
				GCC_WARN_UNUSED_FUNCTION = YES;
				GCC_WARN_UNUSED_VARIABLE = YES;
				IPHONEOS_DEPLOYMENT_TARGET = 13.5;
				MTL_ENABLE_DEBUG_INFO = INCLUDE_SOURCE;
				MTL_FAST_MATH = YES;
				ONLY_ACTIVE_ARCH = YES;
				SDKROOT = iphoneos;
				SWIFT_ACTIVE_COMPILATION_CONDITIONS = DEBUG;
				SWIFT_OPTIMIZATION_LEVEL = "-Onone";
			};
			name = Debug;
		};
		26578EC7249A1F80007A1D8D /* Release */ = {
			isa = XCBuildConfiguration;
			buildSettings = {
				ALWAYS_SEARCH_USER_PATHS = NO;
				CLANG_ANALYZER_NONNULL = YES;
				CLANG_ANALYZER_NUMBER_OBJECT_CONVERSION = YES_AGGRESSIVE;
				CLANG_CXX_LANGUAGE_STANDARD = "gnu++14";
				CLANG_CXX_LIBRARY = "libc++";
				CLANG_ENABLE_MODULES = YES;
				CLANG_ENABLE_OBJC_ARC = YES;
				CLANG_ENABLE_OBJC_WEAK = YES;
				CLANG_WARN_BLOCK_CAPTURE_AUTORELEASING = YES;
				CLANG_WARN_BOOL_CONVERSION = YES;
				CLANG_WARN_COMMA = YES;
				CLANG_WARN_CONSTANT_CONVERSION = YES;
				CLANG_WARN_DEPRECATED_OBJC_IMPLEMENTATIONS = YES;
				CLANG_WARN_DIRECT_OBJC_ISA_USAGE = YES_ERROR;
				CLANG_WARN_DOCUMENTATION_COMMENTS = YES;
				CLANG_WARN_EMPTY_BODY = YES;
				CLANG_WARN_ENUM_CONVERSION = YES;
				CLANG_WARN_INFINITE_RECURSION = YES;
				CLANG_WARN_INT_CONVERSION = YES;
				CLANG_WARN_NON_LITERAL_NULL_CONVERSION = YES;
				CLANG_WARN_OBJC_IMPLICIT_RETAIN_SELF = YES;
				CLANG_WARN_OBJC_LITERAL_CONVERSION = YES;
				CLANG_WARN_OBJC_ROOT_CLASS = YES_ERROR;
				CLANG_WARN_RANGE_LOOP_ANALYSIS = YES;
				CLANG_WARN_STRICT_PROTOTYPES = YES;
				CLANG_WARN_SUSPICIOUS_MOVE = YES;
				CLANG_WARN_UNGUARDED_AVAILABILITY = YES_AGGRESSIVE;
				CLANG_WARN_UNREACHABLE_CODE = YES;
				CLANG_WARN__DUPLICATE_METHOD_MATCH = YES;
				COPY_PHASE_STRIP = NO;
				DEBUG_INFORMATION_FORMAT = "dwarf-with-dsym";
				ENABLE_NS_ASSERTIONS = NO;
				ENABLE_STRICT_OBJC_MSGSEND = YES;
				GCC_C_LANGUAGE_STANDARD = gnu11;
				GCC_NO_COMMON_BLOCKS = YES;
				GCC_WARN_64_TO_32_BIT_CONVERSION = YES;
				GCC_WARN_ABOUT_RETURN_TYPE = YES_ERROR;
				GCC_WARN_UNDECLARED_SELECTOR = YES;
				GCC_WARN_UNINITIALIZED_AUTOS = YES_AGGRESSIVE;
				GCC_WARN_UNUSED_FUNCTION = YES;
				GCC_WARN_UNUSED_VARIABLE = YES;
				IPHONEOS_DEPLOYMENT_TARGET = 13.5;
				MTL_ENABLE_DEBUG_INFO = NO;
				MTL_FAST_MATH = YES;
				SDKROOT = iphoneos;
				SWIFT_COMPILATION_MODE = wholemodule;
				SWIFT_OPTIMIZATION_LEVEL = "-O";
				VALIDATE_PRODUCT = YES;
			};
			name = Release;
		};
		26578EC9249A1F80007A1D8D /* Debug */ = {
			isa = XCBuildConfiguration;
			buildSettings = {
				ASSETCATALOG_COMPILER_APPICON_NAME = AppIcon;
				CODE_SIGN_STYLE = Automatic;
				INFOPLIST_FILE = LoginFlow/Info.plist;
				LD_RUNPATH_SEARCH_PATHS = (
					"$(inherited)",
					"@executable_path/Frameworks",
				);
				PRODUCT_BUNDLE_IDENTIFIER = HJ.LoginFlow;
				PRODUCT_NAME = "$(TARGET_NAME)";
				SWIFT_VERSION = 5.0;
				TARGETED_DEVICE_FAMILY = "1,2";
			};
			name = Debug;
		};
		26578ECA249A1F80007A1D8D /* Release */ = {
			isa = XCBuildConfiguration;
			buildSettings = {
				ASSETCATALOG_COMPILER_APPICON_NAME = AppIcon;
				CODE_SIGN_STYLE = Automatic;
				INFOPLIST_FILE = LoginFlow/Info.plist;
				LD_RUNPATH_SEARCH_PATHS = (
					"$(inherited)",
					"@executable_path/Frameworks",
				);
				PRODUCT_BUNDLE_IDENTIFIER = HJ.LoginFlow;
				PRODUCT_NAME = "$(TARGET_NAME)";
				SWIFT_VERSION = 5.0;
				TARGETED_DEVICE_FAMILY = "1,2";
			};
			name = Release;
		};
/* End XCBuildConfiguration section */

/* Begin XCConfigurationList section */
		26578EAF249A1F7E007A1D8D /* Build configuration list for PBXProject "LoginFlow" */ = {
			isa = XCConfigurationList;
			buildConfigurations = (
				26578EC6249A1F80007A1D8D /* Debug */,
				26578EC7249A1F80007A1D8D /* Release */,
			);
			defaultConfigurationIsVisible = 0;
			defaultConfigurationName = Release;
		};
		26578EC8249A1F80007A1D8D /* Build configuration list for PBXNativeTarget "LoginFlow" */ = {
			isa = XCConfigurationList;
			buildConfigurations = (
				26578EC9249A1F80007A1D8D /* Debug */,
				26578ECA249A1F80007A1D8D /* Release */,
			);
			defaultConfigurationIsVisible = 0;
			defaultConfigurationName = Release;
		};
/* End XCConfigurationList section */
	};
	rootObject = 26578EAC249A1F7E007A1D8D /* Project object */;
}
